
Microsoft Visual Studio Solution File, Format Version 12.00
# Visual Studio Version 16
VisualStudioVersion = 16.0.31112.23
MinimumVisualStudioVersion = 10.0.40219.1
Project("{FAE04EC0-301F-11D3-BF4B-00C04F79EFBC}") = "Identity.API", "src\Identity.API\Identity.API.csproj", "{81602859-2F5B-4D6B-A15F-ADECA35BAB97}"
EndProject
Global
	GlobalSection(SolutionConfigurationPlatforms) = preSolution
		Debug|Any CPU = Debug|Any CPU
		Release|Any CPU = Release|Any CPU
	EndGlobalSection
	GlobalSection(ProjectConfigurationPlatforms) = postSolution
		{81602859-2F5B-4D6B-A15F-ADECA35BAB97}.Debug|Any CPU.ActiveCfg = Debug|Any CPU
		{81602859-2F5B-4D6B-A15F-ADECA35BAB97}.Debug|Any CPU.Build.0 = Debug|Any CPU
		{81602859-2F5B-4D6B-A15F-ADECA35BAB97}.Release|Any CPU.ActiveCfg = Release|Any CPU
		{81602859-2F5B-4D6B-A15F-ADECA35BAB97}.Release|Any CPU.Build.0 = Release|Any CPU
	EndGlobalSection
	GlobalSection(SolutionProperties) = preSolution
		HideSolutionNode = FALSE
	EndGlobalSection
	GlobalSection(ExtensibilityGlobals) = postSolution
		SolutionGuid = {81E7F9DB-4F8C-49F8-AA96-926328353C9D}
	EndGlobalSection
EndGlobal
